
Microsoft Visual Studio Solution File, Format Version 12.00
# Visual Studio 15
VisualStudioVersion = 15.0.28307.329
MinimumVisualStudioVersion = 10.0.40219.1
Project("{FAE04EC0-301F-11D3-BF4B-00C04F79EFBC}") = "CawkEmulatorV4", "CawkEmulatorV4.csproj", "{377D5E82-8619-4DB9-AEB8-D3B608484644}"
EndProject
Global
	GlobalSection(SolutionConfigurationPlatforms) = preSolution
		Debug|Any CPU = Debug|Any CPU
		Release|Any CPU = Release|Any CPU
	EndGlobalSection
	GlobalSection(ProjectConfigurationPlatforms) = postSolution
		{377D5E82-8619-4DB9-AEB8-D3B608484644}.Debug|Any CPU.ActiveCfg = Debug|Any CPU
		{377D5E82-8619-4DB9-AEB8-D3B608484644}.Debug|Any CPU.Build.0 = Debug|Any CPU
		{377D5E82-8619-4DB9-AEB8-D3B608484644}.Release|Any CPU.ActiveCfg = Release|Any CPU
		{377D5E82-8619-4DB9-AEB8-D3B608484644}.Release|Any CPU.Build.0 = Release|Any CPU
	EndGlobalSection
	GlobalSection(SolutionProperties) = preSolution
		HideSolutionNode = FALSE
	EndGlobalSection
	GlobalSection(ExtensibilityGlobals) = postSolution
		SolutionGuid = {0130F756-A9FC-4669-A932-B4C959324265}
	EndGlobalSection
EndGlobal
